
Microsoft Visual Studio Solution File, Format Version 12.00
# Visual Studio Version 17
VisualStudioVersion = 17.10.34916.146
MinimumVisualStudioVersion = 10.0.40219.1
Project("{F184B08F-C81C-45F6-A57F-5ABD9991F28F}") = "loggin", "loggin\loggin.vbproj", "{0208FFE3-844E-46C2-AD10-7F4BB1CED2BF}"
EndProject
Global
	GlobalSection(SolutionConfigurationPlatforms) = preSolution
		Debug|Any CPU = Debug|Any CPU
		Release|Any CPU = Release|Any CPU
	EndGlobalSection
	GlobalSection(ProjectConfigurationPlatforms) = postSolution
		{0208FFE3-844E-46C2-AD10-7F4BB1CED2BF}.Debug|Any CPU.ActiveCfg = Debug|Any CPU
		{0208FFE3-844E-46C2-AD10-7F4BB1CED2BF}.Debug|Any CPU.Build.0 = Debug|Any CPU
		{0208FFE3-844E-46C2-AD10-7F4BB1CED2BF}.Release|Any CPU.ActiveCfg = Release|Any CPU
		{0208FFE3-844E-46C2-AD10-7F4BB1CED2BF}.Release|Any CPU.Build.0 = Release|Any CPU
	EndGlobalSection
	GlobalSection(SolutionProperties) = preSolution
		HideSolutionNode = FALSE
	EndGlobalSection
	GlobalSection(ExtensibilityGlobals) = postSolution
		SolutionGuid = {3F99062D-D962-4EB4-9D83-61BA2EA4BFDB}
	EndGlobalSection
EndGlobal
